# This file is generated by running "yarn install" inside your project.
# Manual changes might be lost - proceed with caution!

__metadata:
  version: 5
  cacheKey: 8

"@tauri-apps/api@npm:1.6.0":
  version: 1.6.0
  resolution: "@tauri-apps/api@npm:1.6.0"
  checksum: f99cdb6c7ed01b78995cb936a31dde09f04b34a2317a1c6833969f6cc2f7de577ab1464f9cdecf9e96aab070c16a5526a3a0efcda04fa35960e487eb20653ee0
  languageName: node
  linkType: hard

"@tauri-apps/cli-darwin-arm64@npm:1.6.3":
  version: 1.6.3
  resolution: "@tauri-apps/cli-darwin-arm64@npm:1.6.3"
  conditions: os=darwin & cpu=arm64
  languageName: node
  linkType: hard

"@tauri-apps/cli-darwin-x64@npm:1.6.3":
  version: 1.6.3
  resolution: "@tauri-apps/cli-darwin-x64@npm:1.6.3"
  conditions: os=darwin & cpu=x64
  languageName: node
  linkType: hard

"@tauri-apps/cli-linux-arm-gnueabihf@npm:1.6.3":
  version: 1.6.3
  resolution: "@tauri-apps/cli-linux-arm-gnueabihf@npm:1.6.3"
  conditions: os=linux & cpu=arm
  languageName: node
  linkType: hard

"@tauri-apps/cli-linux-arm64-gnu@npm:1.6.3":
  version: 1.6.3
  resolution: "@tauri-apps/cli-linux-arm64-gnu@npm:1.6.3"
  conditions: os=linux & cpu=arm64
  languageName: node
  linkType: hard

"@tauri-apps/cli-linux-arm64-musl@npm:1.6.3":
  version: 1.6.3
  resolution: "@tauri-apps/cli-linux-arm64-musl@npm:1.6.3"
  conditions: os=linux & cpu=arm64
  languageName: node
  linkType: hard

"@tauri-apps/cli-linux-x64-gnu@npm:1.6.3":
  version: 1.6.3
  resolution: "@tauri-apps/cli-linux-x64-gnu@npm:1.6.3"
  conditions: os=linux & cpu=x64
  languageName: node
  linkType: hard

"@tauri-apps/cli-linux-x64-musl@npm:1.6.3":
  version: 1.6.3
  resolution: "@tauri-apps/cli-linux-x64-musl@npm:1.6.3"
  conditions: os=linux & cpu=x64
  languageName: node
  linkType: hard

"@tauri-apps/cli-win32-arm64-msvc@npm:1.6.3":
  version: 1.6.3
  resolution: "@tauri-apps/cli-win32-arm64-msvc@npm:1.6.3"
  conditions: os=win32 & cpu=arm64
  languageName: node
  linkType: hard

"@tauri-apps/cli-win32-ia32-msvc@npm:1.6.3":
  version: 1.6.3
  resolution: "@tauri-apps/cli-win32-ia32-msvc@npm:1.6.3"
  conditions: os=win32 & cpu=ia32
  languageName: node
  linkType: hard

"@tauri-apps/cli-win32-x64-msvc@npm:1.6.3":
  version: 1.6.3
  resolution: "@tauri-apps/cli-win32-x64-msvc@npm:1.6.3"
  conditions: os=win32 & cpu=x64
  languageName: node
  linkType: hard

"@tauri-apps/cli@npm:1.6.3":
  version: 1.6.3
  resolution: "@tauri-apps/cli@npm:1.6.3"
  dependencies:
    "@tauri-apps/cli-darwin-arm64": 1.6.3
    "@tauri-apps/cli-darwin-x64": 1.6.3
    "@tauri-apps/cli-linux-arm-gnueabihf": 1.6.3
    "@tauri-apps/cli-linux-arm64-gnu": 1.6.3
    "@tauri-apps/cli-linux-arm64-musl": 1.6.3
    "@tauri-apps/cli-linux-x64-gnu": 1.6.3
    "@tauri-apps/cli-linux-x64-musl": 1.6.3
    "@tauri-apps/cli-win32-arm64-msvc": 1.6.3
    "@tauri-apps/cli-win32-ia32-msvc": 1.6.3
    "@tauri-apps/cli-win32-x64-msvc": 1.6.3
    semver: ">=7.5.2"
  dependenciesMeta:
    "@tauri-apps/cli-darwin-arm64":
      optional: true
    "@tauri-apps/cli-darwin-x64":
      optional: true
    "@tauri-apps/cli-linux-arm-gnueabihf":
      optional: true
    "@tauri-apps/cli-linux-arm64-gnu":
      optional: true
    "@tauri-apps/cli-linux-arm64-musl":
      optional: true
    "@tauri-apps/cli-linux-x64-gnu":
      optional: true
    "@tauri-apps/cli-linux-x64-musl":
      optional: true
    "@tauri-apps/cli-win32-arm64-msvc":
      optional: true
    "@tauri-apps/cli-win32-ia32-msvc":
      optional: true
    "@tauri-apps/cli-win32-x64-msvc":
      optional: true
  bin:
    tauri: tauri.js
  checksum: c4798ea721bb8449b747f41b3df282c68256d326ad8288d998e4793477deb61116f98f7197520b5db547bca4436a746a1234c9e22b64c509278a2603f68890ee
  languageName: node
  linkType: hard

"misskey-app@workspace:.":
  version: 0.0.0-use.local
  resolution: "misskey-app@workspace:."
  dependencies:
    "@tauri-apps/api": 1.6.0
    "@tauri-apps/cli": 1.6.3
  languageName: unknown
  linkType: soft

"semver@npm:>=7.5.2":
  version: 7.6.3
  resolution: "semver@npm:7.6.3"
  bin:
    semver: bin/semver.js
  checksum: 4110ec5d015c9438f322257b1c51fe30276e5f766a3f64c09edd1d7ea7118ecbc3f379f3b69032bacf13116dc7abc4ad8ce0d7e2bd642e26b0d271b56b61a7d8
  languageName: node
  linkType: hard
