# This file is generated by running "yarn install" inside your project.
# Manual changes might be lost - proceed with caution!

__metadata:
  version: 5
  cacheKey: 8

"@tauri-apps/api@npm:1.0.1":
  version: 1.0.1
  resolution: "@tauri-apps/api@npm:1.0.1"
  dependencies:
    type-fest: 2.13.1
  checksum: 5d0832e57a642649dd2da3e7a1bbfa4fc79215f2092c669ff54e280844cc1f13c3b9737fc4836c6150a0f69278eb09480935a418f212bea71c3ad17f639c5504
  languageName: node
  linkType: hard

"@tauri-apps/cli-darwin-arm64@npm:1.0.0":
  version: 1.0.0
  resolution: "@tauri-apps/cli-darwin-arm64@npm:1.0.0"
  conditions: os=darwin & cpu=arm64
  languageName: node
  linkType: hard

"@tauri-apps/cli-darwin-x64@npm:1.0.0":
  version: 1.0.0
  resolution: "@tauri-apps/cli-darwin-x64@npm:1.0.0"
  conditions: os=darwin & cpu=x64
  languageName: node
  linkType: hard

"@tauri-apps/cli-linux-arm-gnueabihf@npm:1.0.0":
  version: 1.0.0
  resolution: "@tauri-apps/cli-linux-arm-gnueabihf@npm:1.0.0"
  conditions: os=linux & cpu=arm
  languageName: node
  linkType: hard

"@tauri-apps/cli-linux-arm64-gnu@npm:1.0.0":
  version: 1.0.0
  resolution: "@tauri-apps/cli-linux-arm64-gnu@npm:1.0.0"
  conditions: os=linux & cpu=arm64
  languageName: node
  linkType: hard

"@tauri-apps/cli-linux-arm64-musl@npm:1.0.0":
  version: 1.0.0
  resolution: "@tauri-apps/cli-linux-arm64-musl@npm:1.0.0"
  conditions: os=linux & cpu=arm64
  languageName: node
  linkType: hard

"@tauri-apps/cli-linux-x64-gnu@npm:1.0.0":
  version: 1.0.0
  resolution: "@tauri-apps/cli-linux-x64-gnu@npm:1.0.0"
  conditions: os=linux & cpu=x64
  languageName: node
  linkType: hard

"@tauri-apps/cli-linux-x64-musl@npm:1.0.0":
  version: 1.0.0
  resolution: "@tauri-apps/cli-linux-x64-musl@npm:1.0.0"
  conditions: os=linux & cpu=x64
  languageName: node
  linkType: hard

"@tauri-apps/cli-win32-ia32-msvc@npm:1.0.0":
  version: 1.0.0
  resolution: "@tauri-apps/cli-win32-ia32-msvc@npm:1.0.0"
  conditions: os=win32 & cpu=ia32
  languageName: node
  linkType: hard

"@tauri-apps/cli-win32-x64-msvc@npm:1.0.0":
  version: 1.0.0
  resolution: "@tauri-apps/cli-win32-x64-msvc@npm:1.0.0"
  conditions: os=win32 & cpu=x64
  languageName: node
  linkType: hard

"@tauri-apps/cli@npm:1.0.0":
  version: 1.0.0
  resolution: "@tauri-apps/cli@npm:1.0.0"
  dependencies:
    "@tauri-apps/cli-darwin-arm64": 1.0.0
    "@tauri-apps/cli-darwin-x64": 1.0.0
    "@tauri-apps/cli-linux-arm-gnueabihf": 1.0.0
    "@tauri-apps/cli-linux-arm64-gnu": 1.0.0
    "@tauri-apps/cli-linux-arm64-musl": 1.0.0
    "@tauri-apps/cli-linux-x64-gnu": 1.0.0
    "@tauri-apps/cli-linux-x64-musl": 1.0.0
    "@tauri-apps/cli-win32-ia32-msvc": 1.0.0
    "@tauri-apps/cli-win32-x64-msvc": 1.0.0
  dependenciesMeta:
    "@tauri-apps/cli-darwin-arm64":
      optional: true
    "@tauri-apps/cli-darwin-x64":
      optional: true
    "@tauri-apps/cli-linux-arm-gnueabihf":
      optional: true
    "@tauri-apps/cli-linux-arm64-gnu":
      optional: true
    "@tauri-apps/cli-linux-arm64-musl":
      optional: true
    "@tauri-apps/cli-linux-x64-gnu":
      optional: true
    "@tauri-apps/cli-linux-x64-musl":
      optional: true
    "@tauri-apps/cli-win32-ia32-msvc":
      optional: true
    "@tauri-apps/cli-win32-x64-msvc":
      optional: true
  bin:
    tauri: tauri.js
  checksum: 8b86a4a9183590535910059461aefbae65c9185c376c2d11a4826abf37d7565ae032e72a83502bfe8891cb35f20fbf81c306776bb1a9215ea0166b480f9fbb1a
  languageName: node
  linkType: hard

"misskey-app@workspace:.":
  version: 0.0.0-use.local
  resolution: "misskey-app@workspace:."
  dependencies:
    "@tauri-apps/api": 1.0.1
    "@tauri-apps/cli": 1.0.0
  languageName: unknown
  linkType: soft

"type-fest@npm:2.13.1":
  version: 2.13.1
  resolution: "type-fest@npm:2.13.1"
  checksum: 16f05cfd2b701f923176b2d6c5656d26435e71dc874851c95df9b0a287ce18a31f5b14e487cc325df6286daac02124cb0551d48c2ae7039f8a763aa376f3b479
  languageName: node
  linkType: hard
