# This file is generated by running "yarn install" inside your project.
# Manual changes might be lost - proceed with caution!

__metadata:
  version: 5
  cacheKey: 8

"@tauri-apps/api@npm:1.0.0-beta.8":
  version: 1.0.0-beta.8
  resolution: "@tauri-apps/api@npm:1.0.0-beta.8"
  checksum: c8e4fbe6ed6d4de0b10019336f2ad4358cb5c71ecfba8d9999cfd28ec36de8451966477161a82a91326c20e87cc5e17de9a9be6ced3f1cff3ff7944a26744470
  languageName: node
  linkType: hard

"@tauri-apps/cli-darwin-arm64@npm:1.0.0-rc.8":
  version: 1.0.0-rc.8
  resolution: "@tauri-apps/cli-darwin-arm64@npm:1.0.0-rc.8"
  conditions: os=darwin & cpu=arm64
  languageName: node
  linkType: hard

"@tauri-apps/cli-darwin-x64@npm:1.0.0-rc.8":
  version: 1.0.0-rc.8
  resolution: "@tauri-apps/cli-darwin-x64@npm:1.0.0-rc.8"
  conditions: os=darwin & cpu=x64
  languageName: node
  linkType: hard

"@tauri-apps/cli-linux-arm-gnueabihf@npm:1.0.0-rc.8":
  version: 1.0.0-rc.8
  resolution: "@tauri-apps/cli-linux-arm-gnueabihf@npm:1.0.0-rc.8"
  conditions: os=linux & cpu=arm
  languageName: node
  linkType: hard

"@tauri-apps/cli-linux-arm64-gnu@npm:1.0.0-rc.8":
  version: 1.0.0-rc.8
  resolution: "@tauri-apps/cli-linux-arm64-gnu@npm:1.0.0-rc.8"
  conditions: os=linux & cpu=arm64
  languageName: node
  linkType: hard

"@tauri-apps/cli-linux-arm64-musl@npm:1.0.0-rc.8":
  version: 1.0.0-rc.8
  resolution: "@tauri-apps/cli-linux-arm64-musl@npm:1.0.0-rc.8"
  conditions: os=linux & cpu=arm64
  languageName: node
  linkType: hard

"@tauri-apps/cli-linux-x64-gnu@npm:1.0.0-rc.8":
  version: 1.0.0-rc.8
  resolution: "@tauri-apps/cli-linux-x64-gnu@npm:1.0.0-rc.8"
  conditions: os=linux & cpu=x64
  languageName: node
  linkType: hard

"@tauri-apps/cli-linux-x64-musl@npm:1.0.0-rc.8":
  version: 1.0.0-rc.8
  resolution: "@tauri-apps/cli-linux-x64-musl@npm:1.0.0-rc.8"
  conditions: os=linux & cpu=x64
  languageName: node
  linkType: hard

"@tauri-apps/cli-win32-ia32-msvc@npm:1.0.0-rc.8":
  version: 1.0.0-rc.8
  resolution: "@tauri-apps/cli-win32-ia32-msvc@npm:1.0.0-rc.8"
  conditions: os=win32 & cpu=ia32
  languageName: node
  linkType: hard

"@tauri-apps/cli-win32-x64-msvc@npm:1.0.0-rc.8":
  version: 1.0.0-rc.8
  resolution: "@tauri-apps/cli-win32-x64-msvc@npm:1.0.0-rc.8"
  conditions: os=win32 & cpu=x64
  languageName: node
  linkType: hard

"@tauri-apps/cli@npm:1.0.0-rc.8":
  version: 1.0.0-rc.8
  resolution: "@tauri-apps/cli@npm:1.0.0-rc.8"
  dependencies:
    "@tauri-apps/cli-darwin-arm64": 1.0.0-rc.8
    "@tauri-apps/cli-darwin-x64": 1.0.0-rc.8
    "@tauri-apps/cli-linux-arm-gnueabihf": 1.0.0-rc.8
    "@tauri-apps/cli-linux-arm64-gnu": 1.0.0-rc.8
    "@tauri-apps/cli-linux-arm64-musl": 1.0.0-rc.8
    "@tauri-apps/cli-linux-x64-gnu": 1.0.0-rc.8
    "@tauri-apps/cli-linux-x64-musl": 1.0.0-rc.8
    "@tauri-apps/cli-win32-ia32-msvc": 1.0.0-rc.8
    "@tauri-apps/cli-win32-x64-msvc": 1.0.0-rc.8
  dependenciesMeta:
    "@tauri-apps/cli-darwin-arm64":
      optional: true
    "@tauri-apps/cli-darwin-x64":
      optional: true
    "@tauri-apps/cli-linux-arm-gnueabihf":
      optional: true
    "@tauri-apps/cli-linux-arm64-gnu":
      optional: true
    "@tauri-apps/cli-linux-arm64-musl":
      optional: true
    "@tauri-apps/cli-linux-x64-gnu":
      optional: true
    "@tauri-apps/cli-linux-x64-musl":
      optional: true
    "@tauri-apps/cli-win32-ia32-msvc":
      optional: true
    "@tauri-apps/cli-win32-x64-msvc":
      optional: true
  bin:
    tauri: tauri.js
  checksum: 1c9a867f15991207d4d10fceeabc8b5b823ebed387d698d085fd2db55fc4ff9f3ad41fad6b7e591c649ed8e485858a1bcb7666cce6de92d9251ca9f6d16e697d
  languageName: node
  linkType: hard

"misskey-app@workspace:.":
  version: 0.0.0-use.local
  resolution: "misskey-app@workspace:."
  dependencies:
    "@tauri-apps/api": 1.0.0-beta.8
    "@tauri-apps/cli": 1.0.0-rc.8
  languageName: unknown
  linkType: soft
